
Microsoft Visual Studio Solution File, Format Version 12.00
# Visual Studio Version 16
VisualStudioVersion = 16.0.29613.14
MinimumVisualStudioVersion = 10.0.40219.1
Project("{FAE04EC0-301F-11D3-BF4B-00C04F79EFBC}") = "TweetSaver", "TweetSaver\TweetSaver.csproj", "{359DE79F-2F12-4618-A9EF-ABF0E0ADE135}"
EndProject
Global
	GlobalSection(SolutionConfigurationPlatforms) = preSolution
		Debug|Any CPU = Debug|Any CPU
		Release|Any CPU = Release|Any CPU
	EndGlobalSection
	GlobalSection(ProjectConfigurationPlatforms) = postSolution
		{359DE79F-2F12-4618-A9EF-ABF0E0ADE135}.Debug|Any CPU.ActiveCfg = Debug|Any CPU
		{359DE79F-2F12-4618-A9EF-ABF0E0ADE135}.Debug|Any CPU.Build.0 = Debug|Any CPU
		{359DE79F-2F12-4618-A9EF-ABF0E0ADE135}.Release|Any CPU.ActiveCfg = Release|Any CPU
		{359DE79F-2F12-4618-A9EF-ABF0E0ADE135}.Release|Any CPU.Build.0 = Release|Any CPU
	EndGlobalSection
	GlobalSection(SolutionProperties) = preSolution
		HideSolutionNode = FALSE
	EndGlobalSection
	GlobalSection(ExtensibilityGlobals) = postSolution
		SolutionGuid = {40F05391-E471-4973-8DFF-8A281F255408}
	EndGlobalSection
EndGlobal
